
Microsoft Visual Studio Solution File, Format Version 12.00
# Visual Studio Version 17
VisualStudioVersion = 17.13.35931.197
MinimumVisualStudioVersion = 10.0.40219.1
Project("{FAE04EC0-301F-11D3-BF4B-00C04F79EFBC}") = "TcgDex.CSharpSdk", "TcgDex.CSharpSdk\TcgDex.CSharpSdk.csproj", "{32BA2824-F649-4583-B516-EFEF5C1E9B5A}"
EndProject
Project("{FAE04EC0-301F-11D3-BF4B-00C04F79EFBC}") = "TcgDex.CSharpSdk.Tests", "TcgDex.CSharpSdk.Tests\TcgDex.CSharpSdk.Tests.csproj", "{FCAD1B0B-85F2-44AA-949E-4AA26B817456}"
EndProject
Project("{FAE04EC0-301F-11D3-BF4B-00C04F79EFBC}") = "TcgDex.CSharpSdk.IntegrationTests", "TcgDex.CSharpSdk.IntegrationTests\TcgDex.CSharpSdk.IntegrationTests.csproj", "{F7487A7A-8684-4851-ABB6-D014575FEF10}"
EndProject
Project("{FAE04EC0-301F-11D3-BF4B-00C04F79EFBC}") = "TcgDex.CSharpSdk.AotSmokeTest", "TcgDex.CSharpSdk.AotSmokeTest\TcgDex.CSharpSdk.AotSmokeTest.csproj", "{99C3CCDC-07C1-4B62-9492-E1250794614B}"
EndProject
Project("{FAE04EC0-301F-11D3-BF4B-00C04F79EFBC}") = "TcgDex.CSharpSdk.Benchmarks", "TcgDex.CSharpSdk.Benchmarks\TcgDex.CSharpSdk.Benchmarks.csproj", "{4860A7A8-8B16-4287-8D28-82405FDC010B}"
EndProject
Global
	GlobalSection(SolutionConfigurationPlatforms) = preSolution
		Debug|Any CPU = Debug|Any CPU
		Debug|x64 = Debug|x64
		Debug|x86 = Debug|x86
		Release|Any CPU = Release|Any CPU
		Release|x64 = Release|x64
		Release|x86 = Release|x86
	EndGlobalSection
	GlobalSection(ProjectConfigurationPlatforms) = postSolution
		{32BA2824-F649-4583-B516-EFEF5C1E9B5A}.Debug|Any CPU.ActiveCfg = Debug|Any CPU
		{32BA2824-F649-4583-B516-EFEF5C1E9B5A}.Debug|Any CPU.Build.0 = Debug|Any CPU
		{32BA2824-F649-4583-B516-EFEF5C1E9B5A}.Debug|x64.ActiveCfg = Debug|Any CPU
		{32BA2824-F649-4583-B516-EFEF5C1E9B5A}.Debug|x64.Build.0 = Debug|Any CPU
		{32BA2824-F649-4583-B516-EFEF5C1E9B5A}.Debug|x86.ActiveCfg = Debug|Any CPU
		{32BA2824-F649-4583-B516-EFEF5C1E9B5A}.Debug|x86.Build.0 = Debug|Any CPU
		{32BA2824-F649-4583-B516-EFEF5C1E9B5A}.Release|Any CPU.ActiveCfg = Release|Any CPU
		{32BA2824-F649-4583-B516-EFEF5C1E9B5A}.Release|Any CPU.Build.0 = Release|Any CPU
		{32BA2824-F649-4583-B516-EFEF5C1E9B5A}.Release|x64.ActiveCfg = Release|Any CPU
		{32BA2824-F649-4583-B516-EFEF5C1E9B5A}.Release|x64.Build.0 = Release|Any CPU
		{32BA2824-F649-4583-B516-EFEF5C1E9B5A}.Release|x86.ActiveCfg = Release|Any CPU
		{32BA2824-F649-4583-B516-EFEF5C1E9B5A}.Release|x86.Build.0 = Release|Any CPU
		{FCAD1B0B-85F2-44AA-949E-4AA26B817456}.Debug|Any CPU.ActiveCfg = Debug|Any CPU
		{FCAD1B0B-85F2-44AA-949E-4AA26B817456}.Debug|Any CPU.Build.0 = Debug|Any CPU
		{FCAD1B0B-85F2-44AA-949E-4AA26B817456}.Debug|x64.ActiveCfg = Debug|Any CPU
		{FCAD1B0B-85F2-44AA-949E-4AA26B817456}.Debug|x64.Build.0 = Debug|Any CPU
		{FCAD1B0B-85F2-44AA-949E-4AA26B817456}.Debug|x86.ActiveCfg = Debug|Any CPU
		{FCAD1B0B-85F2-44AA-949E-4AA26B817456}.Debug|x86.Build.0 = Debug|Any CPU
		{FCAD1B0B-85F2-44AA-949E-4AA26B817456}.Release|Any CPU.ActiveCfg = Release|Any CPU
		{FCAD1B0B-85F2-44AA-949E-4AA26B817456}.Release|Any CPU.Build.0 = Release|Any CPU
		{FCAD1B0B-85F2-44AA-949E-4AA26B817456}.Release|x64.ActiveCfg = Release|Any CPU
		{FCAD1B0B-85F2-44AA-949E-4AA26B817456}.Release|x64.Build.0 = Release|Any CPU
		{FCAD1B0B-85F2-44AA-949E-4AA26B817456}.Release|x86.ActiveCfg = Release|Any CPU
		{FCAD1B0B-85F2-44AA-949E-4AA26B817456}.Release|x86.Build.0 = Release|Any CPU
		{F7487A7A-8684-4851-ABB6-D014575FEF10}.Debug|Any CPU.ActiveCfg = Debug|Any CPU
		{F7487A7A-8684-4851-ABB6-D014575FEF10}.Debug|Any CPU.Build.0 = Debug|Any CPU
		{F7487A7A-8684-4851-ABB6-D014575FEF10}.Debug|x64.ActiveCfg = Debug|Any CPU
		{F7487A7A-8684-4851-ABB6-D014575FEF10}.Debug|x64.Build.0 = Debug|Any CPU
		{F7487A7A-8684-4851-ABB6-D014575FEF10}.Debug|x86.ActiveCfg = Debug|Any CPU
		{F7487A7A-8684-4851-ABB6-D014575FEF10}.Debug|x86.Build.0 = Debug|Any CPU
		{F7487A7A-8684-4851-ABB6-D014575FEF10}.Release|Any CPU.ActiveCfg = Release|Any CPU
		{F7487A7A-8684-4851-ABB6-D014575FEF10}.Release|Any CPU.Build.0 = Release|Any CPU
		{F7487A7A-8684-4851-ABB6-D014575FEF10}.Release|x64.ActiveCfg = Release|Any CPU
		{F7487A7A-8684-4851-ABB6-D014575FEF10}.Release|x64.Build.0 = Release|Any CPU
		{F7487A7A-8684-4851-ABB6-D014575FEF10}.Release|x86.ActiveCfg = Release|Any CPU
		{F7487A7A-8684-4851-ABB6-D014575FEF10}.Release|x86.Build.0 = Release|Any CPU
		{99C3CCDC-07C1-4B62-9492-E1250794614B}.Debug|Any CPU.ActiveCfg = Debug|Any CPU
		{99C3CCDC-07C1-4B62-9492-E1250794614B}.Debug|Any CPU.Build.0 = Debug|Any CPU
		{99C3CCDC-07C1-4B62-9492-E1250794614B}.Debug|x64.ActiveCfg = Debug|Any CPU
		{99C3CCDC-07C1-4B62-9492-E1250794614B}.Debug|x64.Build.0 = Debug|Any CPU
		{99C3CCDC-07C1-4B62-9492-E1250794614B}.Debug|x86.ActiveCfg = Debug|Any CPU
		{99C3CCDC-07C1-4B62-9492-E1250794614B}.Debug|x86.Build.0 = Debug|Any CPU
		{99C3CCDC-07C1-4B62-9492-E1250794614B}.Release|Any CPU.ActiveCfg = Release|Any CPU
		{99C3CCDC-07C1-4B62-9492-E1250794614B}.Release|Any CPU.Build.0 = Release|Any CPU
		{99C3CCDC-07C1-4B62-9492-E1250794614B}.Release|x64.ActiveCfg = Release|Any CPU
		{99C3CCDC-07C1-4B62-9492-E1250794614B}.Release|x64.Build.0 = Release|Any CPU
		{99C3CCDC-07C1-4B62-9492-E1250794614B}.Release|x86.ActiveCfg = Release|Any CPU
		{99C3CCDC-07C1-4B62-9492-E1250794614B}.Release|x86.Build.0 = Release|Any CPU
		{4860A7A8-8B16-4287-8D28-82405FDC010B}.Debug|Any CPU.ActiveCfg = Debug|Any CPU
		{4860A7A8-8B16-4287-8D28-82405FDC010B}.Debug|Any CPU.Build.0 = Debug|Any CPU
		{4860A7A8-8B16-4287-8D28-82405FDC010B}.Debug|x64.ActiveCfg = Debug|Any CPU
		{4860A7A8-8B16-4287-8D28-82405FDC010B}.Debug|x64.Build.0 = Debug|Any CPU
		{4860A7A8-8B16-4287-8D28-82405FDC010B}.Debug|x86.ActiveCfg = Debug|Any CPU
		{4860A7A8-8B16-4287-8D28-82405FDC010B}.Debug|x86.Build.0 = Debug|Any CPU
		{4860A7A8-8B16-4287-8D28-82405FDC010B}.Release|Any CPU.ActiveCfg = Release|Any CPU
		{4860A7A8-8B16-4287-8D28-82405FDC010B}.Release|Any CPU.Build.0 = Release|Any CPU
		{4860A7A8-8B16-4287-8D28-82405FDC010B}.Release|x64.ActiveCfg = Release|Any CPU
		{4860A7A8-8B16-4287-8D28-82405FDC010B}.Release|x64.Build.0 = Release|Any CPU
		{4860A7A8-8B16-4287-8D28-82405FDC010B}.Release|x86.ActiveCfg = Release|Any CPU
		{4860A7A8-8B16-4287-8D28-82405FDC010B}.Release|x86.Build.0 = Release|Any CPU
	EndGlobalSection
	GlobalSection(SolutionProperties) = preSolution
		HideSolutionNode = FALSE
	EndGlobalSection
	GlobalSection(ExtensibilityGlobals) = postSolution
		SolutionGuid = {4F98A7D6-D4B8-4A1A-80AE-AC74C561B13A}
	EndGlobalSection
EndGlobal
